// !$*UTF8*$!
{
	archiveVersion = 1;
	classes = {
	};
	objectVersion = 50;
	objects = {

/* Begin PBXBuildFile section */
		18D754D02608C0B100636A92 /* AppDelegate.swift in Sources */ = {isa = PBXBuildFile; fileRef = 18D754CF2608C0B100636A92 /* AppDelegate.swift */; };
		18D754D22608C0B100636A92 /* SceneDelegate.swift in Sources */ = {isa = PBXBuildFile; fileRef = 18D754D12608C0B100636A92 /* SceneDelegate.swift */; };
		18D754D42608C0B100636A92 /* ViewController.swift in Sources */ = {isa = PBXBuildFile; fileRef = 18D754D32608C0B100636A92 /* ViewController.swift */; };
		18D754D72608C0B100636A92 /* Main.storyboard in Resources */ = {isa = PBXBuildFile; fileRef = 18D754D52608C0B100636A92 /* Main.storyboard */; };
		18D754D92608C0B400636A92 /* Assets.xcassets in Resources */ = {isa = PBXBuildFile; fileRef = 18D754D82608C0B400636A92 /* Assets.xcassets */; };
		18D754DC2608C0B400636A92 /* LaunchScreen.storyboard in Resources */ = {isa = PBXBuildFile; fileRef = 18D754DA2608C0B400636A92 /* LaunchScreen.storyboard */; };
		18D754F02608C12000636A92 /* WalkZombie.atlas in Resources */ = {isa = PBXBuildFile; fileRef = 18D754EF2608C12000636A92 /* WalkZombie.atlas */; };
		18D754F32608C13900636A92 /* ZombieScene.swift in Sources */ = {isa = PBXBuildFile; fileRef = 18D754F22608C13900636A92 /* ZombieScene.swift */; };
		18D754F62608C15700636A92 /* Zombie.swift in Sources */ = {isa = PBXBuildFile; fileRef = 18D754F52608C15700636A92 /* Zombie.swift */; };
		18D754F92608C16F00636A92 /* AnimatedSpriteComponent.swift in Sources */ = {isa = PBXBuildFile; fileRef = 18D754F82608C16F00636A92 /* AnimatedSpriteComponent.swift */; };
		18D754FC2608C1A400636A92 /* Extension SKSpriteNode.swift in Sources */ = {isa = PBXBuildFile; fileRef = 18D754FB2608C1A400636A92 /* Extension SKSpriteNode.swift */; };
		18D754FF2608C29A00636A92 /* GameViewController.swift in Sources */ = {isa = PBXBuildFile; fileRef = 18D754FE2608C29A00636A92 /* GameViewController.swift */; };
/* End PBXBuildFile section */

/* Begin PBXFileReference section */
		18D754CC2608C0B100636A92 /* Agent and Goals.app */ = {isa = PBXFileReference; explicitFileType = wrapper.application; includeInIndex = 0; path = "Agent and Goals.app"; sourceTree = BUILT_PRODUCTS_DIR; };
		18D754CF2608C0B100636A92 /* AppDelegate.swift */ = {isa = PBXFileReference; lastKnownFileType = sourcecode.swift; path = AppDelegate.swift; sourceTree = "<group>"; };
		18D754D12608C0B100636A92 /* SceneDelegate.swift */ = {isa = PBXFileReference; lastKnownFileType = sourcecode.swift; path = SceneDelegate.swift; sourceTree = "<group>"; };
		18D754D32608C0B100636A92 /* ViewController.swift */ = {isa = PBXFileReference; lastKnownFileType = sourcecode.swift; path = ViewController.swift; sourceTree = "<group>"; };
		18D754D62608C0B100636A92 /* Base */ = {isa = PBXFileReference; lastKnownFileType = file.storyboard; name = Base; path = Base.lproj/Main.storyboard; sourceTree = "<group>"; };
		18D754D82608C0B400636A92 /* Assets.xcassets */ = {isa = PBXFileReference; lastKnownFileType = folder.assetcatalog; path = Assets.xcassets; sourceTree = "<group>"; };
		18D754DB2608C0B400636A92 /* Base */ = {isa = PBXFileReference; lastKnownFileType = file.storyboard; name = Base; path = Base.lproj/LaunchScreen.storyboard; sourceTree = "<group>"; };
		18D754DD2608C0B400636A92 /* Info.plist */ = {isa = PBXFileReference; lastKnownFileType = text.plist.xml; path = Info.plist; sourceTree = "<group>"; };
		18D754EF2608C12000636A92 /* WalkZombie.atlas */ = {isa = PBXFileReference; lastKnownFileType = folder.skatlas; path = WalkZombie.atlas; sourceTree = "<group>"; };
		18D754F22608C13900636A92 /* ZombieScene.swift */ = {isa = PBXFileReference; lastKnownFileType = sourcecode.swift; path = ZombieScene.swift; sourceTree = "<group>"; };
		18D754F52608C15700636A92 /* Zombie.swift */ = {isa = PBXFileReference; lastKnownFileType = sourcecode.swift; path = Zombie.swift; sourceTree = "<group>"; };
		18D754F82608C16F00636A92 /* AnimatedSpriteComponent.swift */ = {isa = PBXFileReference; lastKnownFileType = sourcecode.swift; path = AnimatedSpriteComponent.swift; sourceTree = "<group>"; };
		18D754FB2608C1A400636A92 /* Extension SKSpriteNode.swift */ = {isa = PBXFileReference; lastKnownFileType = sourcecode.swift; path = "Extension SKSpriteNode.swift"; sourceTree = "<group>"; };
		18D754FE2608C29A00636A92 /* GameViewController.swift */ = {isa = PBXFileReference; lastKnownFileType = sourcecode.swift; path = GameViewController.swift; sourceTree = "<group>"; };
/* End PBXFileReference section */

/* Begin PBXFrameworksBuildPhase section */
		18D754C92608C0B100636A92 /* Frameworks */ = {
			isa = PBXFrameworksBuildPhase;
			buildActionMask = 2147483647;
			files = (
			);
			runOnlyForDeploymentPostprocessing = 0;
		};
/* End PBXFrameworksBuildPhase section */

/* Begin PBXGroup section */
		18D754C32608C0B100636A92 = {
			isa = PBXGroup;
			children = (
				18D754CE2608C0B100636A92 /* Agent and Goals */,
				18D754CD2608C0B100636A92 /* Products */,
			);
			sourceTree = "<group>";
		};
		18D754CD2608C0B100636A92 /* Products */ = {
			isa = PBXGroup;
			children = (
				18D754CC2608C0B100636A92 /* Agent and Goals.app */,
			);
			name = Products;
			sourceTree = "<group>";
		};
		18D754CE2608C0B100636A92 /* Agent and Goals */ = {
			isa = PBXGroup;
			children = (
				18D754CF2608C0B100636A92 /* AppDelegate.swift */,
				18D754D12608C0B100636A92 /* SceneDelegate.swift */,
				18D754EF2608C12000636A92 /* WalkZombie.atlas */,
				18D754D32608C0B100636A92 /* ViewController.swift */,
				18D754F22608C13900636A92 /* ZombieScene.swift */,
				18D754FB2608C1A400636A92 /* Extension SKSpriteNode.swift */,
				18D754FE2608C29A00636A92 /* GameViewController.swift */,
				18D754F82608C16F00636A92 /* AnimatedSpriteComponent.swift */,
				18D754F52608C15700636A92 /* Zombie.swift */,
				18D754D52608C0B100636A92 /* Main.storyboard */,
				18D754D82608C0B400636A92 /* Assets.xcassets */,
				18D754DA2608C0B400636A92 /* LaunchScreen.storyboard */,
				18D754DD2608C0B400636A92 /* Info.plist */,
			);
			path = "Agent and Goals";
			sourceTree = "<group>";
		};
/* End PBXGroup section */

/* Begin PBXNativeTarget section */
		18D754CB2608C0B100636A92 /* Agent and Goals */ = {
			isa = PBXNativeTarget;
			buildConfigurationList = 18D754E02608C0B400636A92 /* Build configuration list for PBXNativeTarget "Agent and Goals" */;
			buildPhases = (
				18D754C82608C0B100636A92 /* Sources */,
				18D754C92608C0B100636A92 /* Frameworks */,
				18D754CA2608C0B100636A92 /* Resources */,
			);
			buildRules = (
			);
			dependencies = (
			);
			name = "Agent and Goals";
			productName = "Agent and Goals";
			productReference = 18D754CC2608C0B100636A92 /* Agent and Goals.app */;
			productType = "com.apple.product-type.application";
		};
/* End PBXNativeTarget section */

/* Begin PBXProject section */
		18D754C42608C0B100636A92 /* Project object */ = {
			isa = PBXProject;
			attributes = {
				LastSwiftUpdateCheck = 1240;
				LastUpgradeCheck = 1240;
				TargetAttributes = {
					18D754CB2608C0B100636A92 = {
						CreatedOnToolsVersion = 12.4;
					};
				};
			};
			buildConfigurationList = 18D754C72608C0B100636A92 /* Build configuration list for PBXProject "Agent and Goals" */;
			compatibilityVersion = "Xcode 9.3";
			developmentRegion = en;
			hasScannedForEncodings = 0;
			knownRegions = (
				en,
				Base,
			);
			mainGroup = 18D754C32608C0B100636A92;
			productRefGroup = 18D754CD2608C0B100636A92 /* Products */;
			projectDirPath = "";
			projectRoot = "";
			targets = (
				18D754CB2608C0B100636A92 /* Agent and Goals */,
			);
		};
/* End PBXProject section */

/* Begin PBXResourcesBuildPhase section */
		18D754CA2608C0B100636A92 /* Resources */ = {
			isa = PBXResourcesBuildPhase;
			buildActionMask = 2147483647;
			files = (
				18D754F02608C12000636A92 /* WalkZombie.atlas in Resources */,
				18D754DC2608C0B400636A92 /* LaunchScreen.storyboard in Resources */,
				18D754D92608C0B400636A92 /* Assets.xcassets in Resources */,
				18D754D72608C0B100636A92 /* Main.storyboard in Resources */,
			);
			runOnlyForDeploymentPostprocessing = 0;
		};
/* End PBXResourcesBuildPhase section */

/* Begin PBXSourcesBuildPhase section */
		18D754C82608C0B100636A92 /* Sources */ = {
			isa = PBXSourcesBuildPhase;
			buildActionMask = 2147483647;
			files = (
				18D754F32608C13900636A92 /* ZombieScene.swift in Sources */,
				18D754FC2608C1A400636A92 /* Extension SKSpriteNode.swift in Sources */,
				18D754F92608C16F00636A92 /* AnimatedSpriteComponent.swift in Sources */,
				18D754D42608C0B100636A92 /* ViewController.swift in Sources */,
				18D754FF2608C29A00636A92 /* GameViewController.swift in Sources */,
				18D754D02608C0B100636A92 /* AppDelegate.swift in Sources */,
				18D754D22608C0B100636A92 /* SceneDelegate.swift in Sources */,
				18D754F62608C15700636A92 /* Zombie.swift in Sources */,
			);
			runOnlyForDeploymentPostprocessing = 0;
		};
/* End PBXSourcesBuildPhase section */

/* Begin PBXVariantGroup section */
		18D754D52608C0B100636A92 /* Main.storyboard */ = {
			isa = PBXVariantGroup;
			children = (
				18D754D62608C0B100636A92 /* Base */,
			);
			name = Main.storyboard;
			sourceTree = "<group>";
		};
		18D754DA2608C0B400636A92 /* LaunchScreen.storyboard */ = {
			isa = PBXVariantGroup;
			children = (
				18D754DB2608C0B400636A92 /* Base */,
			);
			name = LaunchScreen.storyboard;
			sourceTree = "<group>";
		};
/* End PBXVariantGroup section */

/* Begin XCBuildConfiguration section */
		18D754DE2608C0B400636A92 /* Debug */ = {
			isa = XCBuildConfiguration;
			buildSettings = {
				ALWAYS_SEARCH_USER_PATHS = NO;
				CLANG_ANALYZER_NONNULL = YES;
				CLANG_ANALYZER_NUMBER_OBJECT_CONVERSION = YES_AGGRESSIVE;
				CLANG_CXX_LANGUAGE_STANDARD = "gnu++14";
				CLANG_CXX_LIBRARY = "libc++";
				CLANG_ENABLE_MODULES = YES;
				CLANG_ENABLE_OBJC_ARC = YES;
				CLANG_ENABLE_OBJC_WEAK = YES;
				CLANG_WARN_BLOCK_CAPTURE_AUTORELEASING = YES;
				CLANG_WARN_BOOL_CONVERSION = YES;
				CLANG_WARN_COMMA = YES;
				CLANG_WARN_CONSTANT_CONVERSION = YES;
				CLANG_WARN_DEPRECATED_OBJC_IMPLEMENTATIONS = YES;
				CLANG_WARN_DIRECT_OBJC_ISA_USAGE = YES_ERROR;
				CLANG_WARN_DOCUMENTATION_COMMENTS = YES;
				CLANG_WARN_EMPTY_BODY = YES;
				CLANG_WARN_ENUM_CONVERSION = YES;
				CLANG_WARN_INFINITE_RECURSION = YES;
				CLANG_WARN_INT_CONVERSION = YES;
				CLANG_WARN_NON_LITERAL_NULL_CONVERSION = YES;
				CLANG_WARN_OBJC_IMPLICIT_RETAIN_SELF = YES;
				CLANG_WARN_OBJC_LITERAL_CONVERSION = YES;
				CLANG_WARN_OBJC_ROOT_CLASS = YES_ERROR;
				CLANG_WARN_QUOTED_INCLUDE_IN_FRAMEWORK_HEADER = YES;
				CLANG_WARN_RANGE_LOOP_ANALYSIS = YES;
				CLANG_WARN_STRICT_PROTOTYPES = YES;
				CLANG_WARN_SUSPICIOUS_MOVE = YES;
				CLANG_WARN_UNGUARDED_AVAILABILITY = YES_AGGRESSIVE;
				CLANG_WARN_UNREACHABLE_CODE = YES;
				CLANG_WARN__DUPLICATE_METHOD_MATCH = YES;
				COPY_PHASE_STRIP = NO;
				DEBUG_INFORMATION_FORMAT = dwarf;
				ENABLE_STRICT_OBJC_MSGSEND = YES;
				ENABLE_TESTABILITY = YES;
				GCC_C_LANGUAGE_STANDARD = gnu11;
				GCC_DYNAMIC_NO_PIC = NO;
				GCC_NO_COMMON_BLOCKS = YES;
				GCC_OPTIMIZATION_LEVEL = 0;
				GCC_PREPROCESSOR_DEFINITIONS = (
					"DEBUG=1",
					"$(inherited)",
				);
				GCC_WARN_64_TO_32_BIT_CONVERSION = YES;
				GCC_WARN_ABOUT_RETURN_TYPE = YES_ERROR;
				GCC_WARN_UNDECLARED_SELECTOR = YES;
				GCC_WARN_UNINITIALIZED_AUTOS = YES_AGGRESSIVE;
				GCC_WARN_UNUSED_FUNCTION = YES;
				GCC_WARN_UNUSED_VARIABLE = YES;
				IPHONEOS_DEPLOYMENT_TARGET = 14.4;
				MTL_ENABLE_DEBUG_INFO = INCLUDE_SOURCE;
				MTL_FAST_MATH = YES;
				ONLY_ACTIVE_ARCH = YES;
				SDKROOT = iphoneos;
				SWIFT_ACTIVE_COMPILATION_CONDITIONS = DEBUG;
				SWIFT_OPTIMIZATION_LEVEL = "-Onone";
			};
			name = Debug;
		};
		18D754DF2608C0B400636A92 /* Release */ = {
			isa = XCBuildConfiguration;
			buildSettings = {
				ALWAYS_SEARCH_USER_PATHS = NO;
				CLANG_ANALYZER_NONNULL = YES;
				CLANG_ANALYZER_NUMBER_OBJECT_CONVERSION = YES_AGGRESSIVE;
				CLANG_CXX_LANGUAGE_STANDARD = "gnu++14";
				CLANG_CXX_LIBRARY = "libc++";
				CLANG_ENABLE_MODULES = YES;
				CLANG_ENABLE_OBJC_ARC = YES;
				CLANG_ENABLE_OBJC_WEAK = YES;
				CLANG_WARN_BLOCK_CAPTURE_AUTORELEASING = YES;
				CLANG_WARN_BOOL_CONVERSION = YES;
				CLANG_WARN_COMMA = YES;
				CLANG_WARN_CONSTANT_CONVERSION = YES;
				CLANG_WARN_DEPRECATED_OBJC_IMPLEMENTATIONS = YES;
				CLANG_WARN_DIRECT_OBJC_ISA_USAGE = YES_ERROR;
				CLANG_WARN_DOCUMENTATION_COMMENTS = YES;
				CLANG_WARN_EMPTY_BODY = YES;
				CLANG_WARN_ENUM_CONVERSION = YES;
				CLANG_WARN_INFINITE_RECURSION = YES;
				CLANG_WARN_INT_CONVERSION = YES;
				CLANG_WARN_NON_LITERAL_NULL_CONVERSION = YES;
				CLANG_WARN_OBJC_IMPLICIT_RETAIN_SELF = YES;
				CLANG_WARN_OBJC_LITERAL_CONVERSION = YES;
				CLANG_WARN_OBJC_ROOT_CLASS = YES_ERROR;
				CLANG_WARN_QUOTED_INCLUDE_IN_FRAMEWORK_HEADER = YES;
				CLANG_WARN_RANGE_LOOP_ANALYSIS = YES;
				CLANG_WARN_STRICT_PROTOTYPES = YES;
				CLANG_WARN_SUSPICIOUS_MOVE = YES;
				CLANG_WARN_UNGUARDED_AVAILABILITY = YES_AGGRESSIVE;
				CLANG_WARN_UNREACHABLE_CODE = YES;
				CLANG_WARN__DUPLICATE_METHOD_MATCH = YES;
				COPY_PHASE_STRIP = NO;
				DEBUG_INFORMATION_FORMAT = "dwarf-with-dsym";
				ENABLE_NS_ASSERTIONS = NO;
				ENABLE_STRICT_OBJC_MSGSEND = YES;
				GCC_C_LANGUAGE_STANDARD = gnu11;
				GCC_NO_COMMON_BLOCKS = YES;
				GCC_WARN_64_TO_32_BIT_CONVERSION = YES;
				GCC_WARN_ABOUT_RETURN_TYPE = YES_ERROR;
				GCC_WARN_UNDECLARED_SELECTOR = YES;
				GCC_WARN_UNINITIALIZED_AUTOS = YES_AGGRESSIVE;
				GCC_WARN_UNUSED_FUNCTION = YES;
				GCC_WARN_UNUSED_VARIABLE = YES;
				IPHONEOS_DEPLOYMENT_TARGET = 14.4;
				MTL_ENABLE_DEBUG_INFO = NO;
				MTL_FAST_MATH = YES;
				SDKROOT = iphoneos;
				SWIFT_COMPILATION_MODE = wholemodule;
				SWIFT_OPTIMIZATION_LEVEL = "-O";
				VALIDATE_PRODUCT = YES;
			};
			name = Release;
		};
		18D754E12608C0B400636A92 /* Debug */ = {
			isa = XCBuildConfiguration;
			buildSettings = {
				ASSETCATALOG_COMPILER_APPICON_NAME = AppIcon;
				ASSETCATALOG_COMPILER_GLOBAL_ACCENT_COLOR_NAME = AccentColor;
				CODE_SIGN_STYLE = Automatic;
				DEVELOPMENT_TEAM = 4X8K6Z86C3;
				INFOPLIST_FILE = "Agent and Goals/Info.plist";
				LD_RUNPATH_SEARCH_PATHS = (
					"$(inherited)",
					"@executable_path/Frameworks",
				);
				PRODUCT_BUNDLE_IDENTIFIER = "alley.Agent-and-Goals";
				PRODUCT_NAME = "$(TARGET_NAME)";
				SWIFT_VERSION = 5.0;
				TARGETED_DEVICE_FAMILY = "1,2";
			};
			name = Debug;
		};
		18D754E22608C0B400636A92 /* Release */ = {
			isa = XCBuildConfiguration;
			buildSettings = {
				ASSETCATALOG_COMPILER_APPICON_NAME = AppIcon;
				ASSETCATALOG_COMPILER_GLOBAL_ACCENT_COLOR_NAME = AccentColor;
				CODE_SIGN_STYLE = Automatic;
				DEVELOPMENT_TEAM = 4X8K6Z86C3;
				INFOPLIST_FILE = "Agent and Goals/Info.plist";
				LD_RUNPATH_SEARCH_PATHS = (
					"$(inherited)",
					"@executable_path/Frameworks",
				);
				PRODUCT_BUNDLE_IDENTIFIER = "alley.Agent-and-Goals";
				PRODUCT_NAME = "$(TARGET_NAME)";
				SWIFT_VERSION = 5.0;
				TARGETED_DEVICE_FAMILY = "1,2";
			};
			name = Release;
		};
/* End XCBuildConfiguration section */

/* Begin XCConfigurationList section */
		18D754C72608C0B100636A92 /* Build configuration list for PBXProject "Agent and Goals" */ = {
			isa = XCConfigurationList;
			buildConfigurations = (
				18D754DE2608C0B400636A92 /* Debug */,
				18D754DF2608C0B400636A92 /* Release */,
			);
			defaultConfigurationIsVisible = 0;
			defaultConfigurationName = Release;
		};
		18D754E02608C0B400636A92 /* Build configuration list for PBXNativeTarget "Agent and Goals" */ = {
			isa = XCConfigurationList;
			buildConfigurations = (
				18D754E12608C0B400636A92 /* Debug */,
				18D754E22608C0B400636A92 /* Release */,
			);
			defaultConfigurationIsVisible = 0;
			defaultConfigurationName = Release;
		};
/* End XCConfigurationList section */
	};
	rootObject = 18D754C42608C0B100636A92 /* Project object */;
}
